
Microsoft Visual Studio Solution File, Format Version 12.00
# Visual Studio 15
VisualStudioVersion = 15.0.28010.2026
MinimumVisualStudioVersion = 10.0.40219.1
Project("{FAE04EC0-301F-11D3-BF4B-00C04F79EFBC}") = "DicAndHMaps", "DicAndHMaps\DicAndHMaps.csproj", "{039877F9-3A6A-4937-A017-5A6080A71D01}"
EndProject
Global
	GlobalSection(SolutionConfigurationPlatforms) = preSolution
		Debug|Any CPU = Debug|Any CPU
		Release|Any CPU = Release|Any CPU
	EndGlobalSection
	GlobalSection(ProjectConfigurationPlatforms) = postSolution
		{039877F9-3A6A-4937-A017-5A6080A71D01}.Debug|Any CPU.ActiveCfg = Debug|Any CPU
		{039877F9-3A6A-4937-A017-5A6080A71D01}.Debug|Any CPU.Build.0 = Debug|Any CPU
		{039877F9-3A6A-4937-A017-5A6080A71D01}.Release|Any CPU.ActiveCfg = Release|Any CPU
		{039877F9-3A6A-4937-A017-5A6080A71D01}.Release|Any CPU.Build.0 = Release|Any CPU
	EndGlobalSection
	GlobalSection(SolutionProperties) = preSolution
		HideSolutionNode = FALSE
	EndGlobalSection
	GlobalSection(ExtensibilityGlobals) = postSolution
		SolutionGuid = {4861E498-EA53-4FC1-8352-E29449C0D343}
	EndGlobalSection
EndGlobal
